
Microsoft Visual Studio Solution File, Format Version 12.00
# Visual Studio Version 17
VisualStudioVersion = 17.3.32811.315
MinimumVisualStudioVersion = 10.0.40219.1
Project("{8BC9CEB8-8B4A-11D0-8D11-00A0C91BC942}") = "Genimon", "Genimon.vcxproj", "{0E3BA3FA-67B2-3A63-918D-24CB1B311044}"
EndProject
Global
	GlobalSection(SolutionConfigurationPlatforms) = preSolution
		Debug|x64 = Debug|x64
		Release|x64 = Release|x64
	EndGlobalSection
	GlobalSection(ProjectConfigurationPlatforms) = postSolution
		{0E3BA3FA-67B2-3A63-918D-24CB1B311044}.Debug|x64.ActiveCfg = Debug|x64
		{0E3BA3FA-67B2-3A63-918D-24CB1B311044}.Debug|x64.Build.0 = Debug|x64
		{0E3BA3FA-67B2-3A63-918D-24CB1B311044}.Release|x64.ActiveCfg = Release|x64
		{0E3BA3FA-67B2-3A63-918D-24CB1B311044}.Release|x64.Build.0 = Release|x64
	EndGlobalSection
	GlobalSection(SolutionProperties) = preSolution
		HideSolutionNode = FALSE
	EndGlobalSection
	GlobalSection(ExtensibilityGlobals) = postSolution
		SolutionGuid = {8CD9CD3A-B848-4D63-B5B2-F2738281C9BD}
	EndGlobalSection
EndGlobal
